
Microsoft Visual Studio Solution File, Format Version 12.00
# Visual Studio Version 17
VisualStudioVersion = 17.0.31903.59
MinimumVisualStudioVersion = 10.0.40219.1
Project("{2150E333-8FDC-42A3-9474-1A3956D46DE8}") = "src", "src", "{3A6E7C80-1342-4B98-9AB4-3DB07B0E8271}"
EndProject
Project("{FAE04EC0-301F-11D3-BF4B-00C04F79EFBC}") = "PhysicallyFitPT.Maui", "src\PhysicallyFitPT.Maui\PhysicallyFitPT.Maui.csproj", "{F744BD9E-D474-49AA-A6F6-C9ACBA2B64D6}"
EndProject
Project("{FAE04EC0-301F-11D3-BF4B-00C04F79EFBC}") = "PhysicallyFitPT.Core", "src\PhysicallyFitPT.Core\PhysicallyFitPT.Core.csproj", "{85AB070F-CC44-4829-A931-B40B572F7436}"
EndProject
Project("{FAE04EC0-301F-11D3-BF4B-00C04F79EFBC}") = "PhysicallyFitPT.Infrastructure", "src\PhysicallyFitPT.Infrastructure\PhysicallyFitPT.Infrastructure.csproj", "{0E9AE59B-C200-4AA2-8F3B-ADA1ED38F510}"
EndProject
Project("{FAE04EC0-301F-11D3-BF4B-00C04F79EFBC}") = "PhysicallyFitPT.Shared", "src\PhysicallyFitPT.Shared\PhysicallyFitPT.Shared.csproj", "{ADACFE83-EFDC-4B81-90EC-EB74938C2F3E}"
EndProject
Project("{FAE04EC0-301F-11D3-BF4B-00C04F79EFBC}") = "PhysicallyFitPT.Web", "src\PhysicallyFitPT.Web\PhysicallyFitPT.Web.csproj", "{FABE8E21-A89C-4741-A9FB-29378F54C88A}"
EndProject
Project("{FAE04EC0-301F-11D3-BF4B-00C04F79EFBC}") = "PhysicallyFitPT.Api", "src\PhysicallyFitPT.Api\PhysicallyFitPT.Api.csproj", "{1C00232D-D823-4EFD-8820-F6B291ADD0D2}"
EndProject
Project("{FAE04EC0-301F-11D3-BF4B-00C04F79EFBC}") = "PhysicallyFitPT.AI", "src\PhysicallyFitPT.AI\PhysicallyFitPT.AI.csproj", "{BE0DBE46-9A8C-4952-8BB9-9E269216BA4D}"
EndProject
Project("{FAE04EC0-301F-11D3-BF4B-00C04F79EFBC}") = "PhysicallyFitPT.Seeder", "src\PhysicallyFitPT.Seeder\PhysicallyFitPT.Seeder.csproj", "{FD347648-126F-442A-8454-7BE14D1FE3C5}"
EndProject
Project("{2150E333-8FDC-42A3-9474-1A3956D46DE8}") = "tests", "tests", "{904FD972-45F3-4E0E-86D5-CB67EA2F9140}"
EndProject
Project("{FAE04EC0-301F-11D3-BF4B-00C04F79EFBC}") = "PhysicallyFitPT.Core.Tests", "tests\PhysicallyFitPT.Core.Tests\PhysicallyFitPT.Core.Tests.csproj", "{C9C22430-0D7F-4415-AFE5-ED4CE6D0AF8C}"
EndProject
Project("{FAE04EC0-301F-11D3-BF4B-00C04F79EFBC}") = "PhysicallyFitPT.Maui.Tests", "tests\PhysicallyFitPT.Maui.Tests\PhysicallyFitPT.Maui.Tests.csproj", "{B5678850-ED55-46F4-BF9B-793A4C63F1F3}"
EndProject
Project("{FAE04EC0-301F-11D3-BF4B-00C04F79EFBC}") = "PhysicallyFitPT.Api.Tests", "tests\PhysicallyFitPT.Api.Tests\PhysicallyFitPT.Api.Tests.csproj", "{39C85F1E-5DDD-4AC3-84D4-A610AF80D624}"
EndProject
Global
	GlobalSection(SolutionConfigurationPlatforms) = preSolution
		Debug|Any CPU = Debug|Any CPU
		Release|Any CPU = Release|Any CPU
	EndGlobalSection
	GlobalSection(SolutionProperties) = preSolution
		HideSolutionNode = FALSE
	EndGlobalSection
	GlobalSection(ProjectConfigurationPlatforms) = postSolution
		{F744BD9E-D474-49AA-A6F6-C9ACBA2B64D6}.Debug|Any CPU.ActiveCfg = Debug|Any CPU
		{F744BD9E-D474-49AA-A6F6-C9ACBA2B64D6}.Debug|Any CPU.Build.0 = Debug|Any CPU
		{F744BD9E-D474-49AA-A6F6-C9ACBA2B64D6}.Release|Any CPU.ActiveCfg = Release|Any CPU
		{F744BD9E-D474-49AA-A6F6-C9ACBA2B64D6}.Release|Any CPU.Build.0 = Release|Any CPU
		{85AB070F-CC44-4829-A931-B40B572F7436}.Debug|Any CPU.ActiveCfg = Debug|Any CPU
		{85AB070F-CC44-4829-A931-B40B572F7436}.Debug|Any CPU.Build.0 = Debug|Any CPU
		{85AB070F-CC44-4829-A931-B40B572F7436}.Release|Any CPU.ActiveCfg = Release|Any CPU
		{85AB070F-CC44-4829-A931-B40B572F7436}.Release|Any CPU.Build.0 = Release|Any CPU
		{0E9AE59B-C200-4AA2-8F3B-ADA1ED38F510}.Debug|Any CPU.ActiveCfg = Debug|Any CPU
		{0E9AE59B-C200-4AA2-8F3B-ADA1ED38F510}.Debug|Any CPU.Build.0 = Debug|Any CPU
		{0E9AE59B-C200-4AA2-8F3B-ADA1ED38F510}.Release|Any CPU.ActiveCfg = Release|Any CPU
		{0E9AE59B-C200-4AA2-8F3B-ADA1ED38F510}.Release|Any CPU.Build.0 = Release|Any CPU
		{ADACFE83-EFDC-4B81-90EC-EB74938C2F3E}.Debug|Any CPU.ActiveCfg = Debug|Any CPU
		{ADACFE83-EFDC-4B81-90EC-EB74938C2F3E}.Debug|Any CPU.Build.0 = Debug|Any CPU
		{ADACFE83-EFDC-4B81-90EC-EB74938C2F3E}.Release|Any CPU.ActiveCfg = Release|Any CPU
		{ADACFE83-EFDC-4B81-90EC-EB74938C2F3E}.Release|Any CPU.Build.0 = Release|Any CPU
		{FABE8E21-A89C-4741-A9FB-29378F54C88A}.Debug|Any CPU.ActiveCfg = Debug|Any CPU
		{FABE8E21-A89C-4741-A9FB-29378F54C88A}.Debug|Any CPU.Build.0 = Debug|Any CPU
		{FABE8E21-A89C-4741-A9FB-29378F54C88A}.Release|Any CPU.ActiveCfg = Release|Any CPU
		{FABE8E21-A89C-4741-A9FB-29378F54C88A}.Release|Any CPU.Build.0 = Release|Any CPU
		{1C00232D-D823-4EFD-8820-F6B291ADD0D2}.Debug|Any CPU.ActiveCfg = Debug|Any CPU
		{1C00232D-D823-4EFD-8820-F6B291ADD0D2}.Debug|Any CPU.Build.0 = Debug|Any CPU
		{1C00232D-D823-4EFD-8820-F6B291ADD0D2}.Release|Any CPU.ActiveCfg = Release|Any CPU
		{1C00232D-D823-4EFD-8820-F6B291ADD0D2}.Release|Any CPU.Build.0 = Release|Any CPU
		{BE0DBE46-9A8C-4952-8BB9-9E269216BA4D}.Debug|Any CPU.ActiveCfg = Debug|Any CPU
		{BE0DBE46-9A8C-4952-8BB9-9E269216BA4D}.Debug|Any CPU.Build.0 = Debug|Any CPU
		{BE0DBE46-9A8C-4952-8BB9-9E269216BA4D}.Release|Any CPU.ActiveCfg = Release|Any CPU
		{BE0DBE46-9A8C-4952-8BB9-9E269216BA4D}.Release|Any CPU.Build.0 = Release|Any CPU
		{FD347648-126F-442A-8454-7BE14D1FE3C5}.Debug|Any CPU.ActiveCfg = Debug|Any CPU
		{FD347648-126F-442A-8454-7BE14D1FE3C5}.Debug|Any CPU.Build.0 = Debug|Any CPU
		{FD347648-126F-442A-8454-7BE14D1FE3C5}.Release|Any CPU.ActiveCfg = Release|Any CPU
		{FD347648-126F-442A-8454-7BE14D1FE3C5}.Release|Any CPU.Build.0 = Release|Any CPU
		{C9C22430-0D7F-4415-AFE5-ED4CE6D0AF8C}.Debug|Any CPU.ActiveCfg = Debug|Any CPU
		{C9C22430-0D7F-4415-AFE5-ED4CE6D0AF8C}.Debug|Any CPU.Build.0 = Debug|Any CPU
		{C9C22430-0D7F-4415-AFE5-ED4CE6D0AF8C}.Release|Any CPU.ActiveCfg = Release|Any CPU
		{C9C22430-0D7F-4415-AFE5-ED4CE6D0AF8C}.Release|Any CPU.Build.0 = Release|Any CPU
		{B5678850-ED55-46F4-BF9B-793A4C63F1F3}.Debug|Any CPU.ActiveCfg = Debug|Any CPU
		{B5678850-ED55-46F4-BF9B-793A4C63F1F3}.Debug|Any CPU.Build.0 = Debug|Any CPU
		{B5678850-ED55-46F4-BF9B-793A4C63F1F3}.Release|Any CPU.ActiveCfg = Release|Any CPU
		{B5678850-ED55-46F4-BF9B-793A4C63F1F3}.Release|Any CPU.Build.0 = Release|Any CPU
		{39C85F1E-5DDD-4AC3-84D4-A610AF80D624}.Debug|Any CPU.ActiveCfg = Debug|Any CPU
		{39C85F1E-5DDD-4AC3-84D4-A610AF80D624}.Debug|Any CPU.Build.0 = Debug|Any CPU
		{39C85F1E-5DDD-4AC3-84D4-A610AF80D624}.Release|Any CPU.ActiveCfg = Release|Any CPU
		{39C85F1E-5DDD-4AC3-84D4-A610AF80D624}.Release|Any CPU.Build.0 = Release|Any CPU
	EndGlobalSection
	GlobalSection(NestedProjects) = preSolution
		{F744BD9E-D474-49AA-A6F6-C9ACBA2B64D6} = {3A6E7C80-1342-4B98-9AB4-3DB07B0E8271}
		{85AB070F-CC44-4829-A931-B40B572F7436} = {3A6E7C80-1342-4B98-9AB4-3DB07B0E8271}
		{0E9AE59B-C200-4AA2-8F3B-ADA1ED38F510} = {3A6E7C80-1342-4B98-9AB4-3DB07B0E8271}
		{ADACFE83-EFDC-4B81-90EC-EB74938C2F3E} = {3A6E7C80-1342-4B98-9AB4-3DB07B0E8271}
		{FABE8E21-A89C-4741-A9FB-29378F54C88A} = {3A6E7C80-1342-4B98-9AB4-3DB07B0E8271}
		{1C00232D-D823-4EFD-8820-F6B291ADD0D2} = {3A6E7C80-1342-4B98-9AB4-3DB07B0E8271}
		{BE0DBE46-9A8C-4952-8BB9-9E269216BA4D} = {3A6E7C80-1342-4B98-9AB4-3DB07B0E8271}
		{FD347648-126F-442A-8454-7BE14D1FE3C5} = {3A6E7C80-1342-4B98-9AB4-3DB07B0E8271}
		{C9C22430-0D7F-4415-AFE5-ED4CE6D0AF8C} = {904FD972-45F3-4E0E-86D5-CB67EA2F9140}
		{B5678850-ED55-46F4-BF9B-793A4C63F1F3} = {904FD972-45F3-4E0E-86D5-CB67EA2F9140}
		{39C85F1E-5DDD-4AC3-84D4-A610AF80D624} = {904FD972-45F3-4E0E-86D5-CB67EA2F9140}
	EndGlobalSection
EndGlobal
